{
  "version": 2,
  "packages": {
    "stew": {
      "version": "0.1.0",
      "vcsRevision": "6ad35b876fb6ebe0dfee0f697af173acc47906ee",
      "url": "https://github.com/status-im/nim-stew.git",
      "downloadMethod": "git",
      "dependencies": [],
      "checksums": {
        "sha1": "46d58c4feb457f3241e3347778334e325dce5268"
      }
    },
    "stint": {
      "version": "0.0.1",
      "vcsRevision": "036c71d06a6b22f8f967ba9d54afd2189c3872ca",
      "url": "https://github.com/status-im/stint.git",
      "downloadMethod": "git",
      "dependencies": [
        "stew"
      ],
      "checksums": {
        "sha1": "0f187a2115315ca898e5f9a30c5e506cf6057062"
      }
    },
    "nimcrypto": {
      "version": "0.6.0",
      "vcsRevision": "1c8d6e3caf3abc572136ae9a1da81730c4eb4288",
      "url": "https://github.com/cheatfate/nimcrypto",
      "downloadMethod": "git",
      "dependencies": [],
      "checksums": {
        "sha1": "da3b105ad6bd7beef25c69f03afccb5e5233d483"
      }
    },
    "questionable": {
      "version": "0.10.10",
      "vcsRevision": "b3cf35ac450fd42c9ea83dc084f5cba2efc55da3",
      "url": "https://github.com/markspanbroek/questionable",
      "downloadMethod": "git",
      "dependencies": [],
      "checksums": {
        "sha1": "8bb23a05d7f21619010471aa009e27d3fa73d93a"
      }
    },
    "upraises": {
      "version": "0.1.0",
      "vcsRevision": "ff4f8108e44fba9b35cac535ab63d3927e8fd3c2",
      "url": "https://github.com/markspanbroek/upraises.git",
      "downloadMethod": "git",
      "dependencies": [],
      "checksums": {
        "sha1": "a0243c8039e12d547dbb2e9c73789c16bb8bc956"
      }
    }
  },
  "tasks": {}
}
